<?xml version="1.0" encoding="utf-8"?>
<Project ToolsVersion="4.0" xmlns="http://schemas.microsoft.com/developer/msbuild/2003">
  <ItemGroup>
    <Filter Include="소스 파일">
      <UniqueIdentifier>{4FC737F1-C7A5-4376-A066-2A32D752A2FF}</UniqueIdentifier>
      <Extensions>cpp;c;cc;cxx;c++;cppm;ixx;def;odl;idl;hpj;bat;asm;asmx</Extensions>
    </Filter>
    <Filter Include="헤더 파일">
      <UniqueIdentifier>{93995380-89BD-4b04-88EB-625FBE52EBFB}</UniqueIdentifier>
      <Extensions>h;hh;hpp;hxx;h++;hm;inl;inc;ipp;xsd</Extensions>
    </Filter>
    <Filter Include="리소스 파일">
      <UniqueIdentifier>{67DA6AB6-F800-4c08-8B7A-83BB121AAD01}</UniqueIdentifier>
      <Extensions>rc;ico;cur;bmp;dlg;rc2;rct;bin;rgs;gif;jpg;jpeg;jpe;resx;tiff;tif;png;wav;mfcribbon-ms</Extensions>
    </Filter>
    <Filter Include="소스 파일\Player">
      <UniqueIdentifier>{cf975ca2-a933-4d4f-84d0-b99fbf113862}</UniqueIdentifier>
    </Filter>
    <Filter Include="소스 파일\Enemy">
      <UniqueIdentifier>{bdc64840-0b49-4bc6-8012-7ca64ace8421}</UniqueIdentifier>
    </Filter>
    <Filter Include="소스 파일\Player\State">
      <UniqueIdentifier>{f05e0422-753b-4079-bbaa-42b468f6759f}</UniqueIdentifier>
    </Filter>
    <Filter Include="소스 파일\Enemy\State">
      <UniqueIdentifier>{4cfb0b0e-b164-49da-8d9e-099c4ca2cbb3}</UniqueIdentifier>
    </Filter>
  </ItemGroup>
  <ItemGroup>
    <ClInclude Include="framework.h">
      <Filter>헤더 파일</Filter>
    </ClInclude>
    <ClInclude Include="targetver.h">
      <Filter>헤더 파일</Filter>
    </ClInclude>
    <ClInclude Include="Resource.h">
      <Filter>헤더 파일</Filter>
    </ClInclude>
    <ClInclude Include="FSMDemo.h">
      <Filter>소스 파일</Filter>
    </ClInclude>
    <ClInclude Include="Player.h">
      <Filter>소스 파일\Player</Filter>
    </ClInclude>
    <ClInclude Include="Enemy.h">
      <Filter>소스 파일\Enemy</Filter>
    </ClInclude>
    <ClInclude Include="EnemyIdle.h">
      <Filter>소스 파일\Enemy\State</Filter>
    </ClInclude>
    <ClInclude Include="EnemyTracking.h">
      <Filter>소스 파일\Enemy\State</Filter>
    </ClInclude>
    <ClInclude Include="EnemyAttack.h">
      <Filter>소스 파일\Enemy\State</Filter>
    </ClInclude>
    <ClInclude Include="PlayerIdle.h">
      <Filter>소스 파일\Player\State</Filter>
    </ClInclude>
    <ClInclude Include="PlayerMoving.h">
      <Filter>소스 파일\Player\State</Filter>
    </ClInclude>
  </ItemGroup>
  <ItemGroup>
    <ClCompile Include="FSMDemo.cpp">
      <Filter>소스 파일</Filter>
    </ClCompile>
    <ClCompile Include="WinMain.cpp">
      <Filter>소스 파일</Filter>
    </ClCompile>
    <ClCompile Include="Player.cpp">
      <Filter>소스 파일\Player</Filter>
    </ClCompile>
    <ClCompile Include="Enemy.cpp">
      <Filter>소스 파일\Enemy</Filter>
    </ClCompile>
    <ClCompile Include="EnemyIdle.cpp">
      <Filter>소스 파일\Enemy\State</Filter>
    </ClCompile>
    <ClCompile Include="EnemyTracking.cpp">
      <Filter>소스 파일\Enemy\State</Filter>
    </ClCompile>
    <ClCompile Include="EnemyAttack.cpp">
      <Filter>소스 파일\Enemy\State</Filter>
    </ClCompile>
    <ClCompile Include="PlayerIdle.cpp">
      <Filter>소스 파일\Player\State</Filter>
    </ClCompile>
    <ClCompile Include="PlayerMoving.cpp">
      <Filter>소스 파일\Player\State</Filter>
    </ClCompile>
  </ItemGroup>
  <ItemGroup>
    <ResourceCompile Include="FSM.rc">
      <Filter>리소스 파일</Filter>
    </ResourceCompile>
  </ItemGroup>
  <ItemGroup>
    <Image Include="small.ico">
      <Filter>리소스 파일</Filter>
    </Image>
    <Image Include="FSM.ico">
      <Filter>리소스 파일</Filter>
    </Image>
  </ItemGroup>
  <ItemGroup>
    <None Include="ClassDiagram.cd" />
  </ItemGroup>
</Project>